
Microsoft Visual Studio Solution File, Format Version 12.00
Project("{FAE04EC0-301F-11D3-BF4B-00C04F79EFBC}") = "api", "api\api.csproj", "{BB0158F8-A805-40BD-9620-5DCDE3500BD7}"
EndProject
Project("{FAE04EC0-301F-11D3-BF4B-00C04F79EFBC}") = "infrastructure", "infrastructure\infrastructure.csproj", "{1FC07A23-B766-49DB-B4D8-97533BD77D5A}"
EndProject
Project("{FAE04EC0-301F-11D3-BF4B-00C04F79EFBC}") = "service", "service\service.csproj", "{A50E0186-1DB0-4ADD-8DB8-64617FA6489E}"
EndProject
Project("{FAE04EC0-301F-11D3-BF4B-00C04F79EFBC}") = "playwright-tests", "playwright-tests\playwright-tests.csproj", "{F2B7F408-0CD0-4DA3-904D-59E1C993C1D2}"
EndProject
Global
	GlobalSection(SolutionConfigurationPlatforms) = preSolution
		Debug|Any CPU = Debug|Any CPU
		Release|Any CPU = Release|Any CPU
	EndGlobalSection
	GlobalSection(ProjectConfigurationPlatforms) = postSolution
		{BB0158F8-A805-40BD-9620-5DCDE3500BD7}.Debug|Any CPU.ActiveCfg = Debug|Any CPU
		{BB0158F8-A805-40BD-9620-5DCDE3500BD7}.Debug|Any CPU.Build.0 = Debug|Any CPU
		{BB0158F8-A805-40BD-9620-5DCDE3500BD7}.Release|Any CPU.ActiveCfg = Release|Any CPU
		{BB0158F8-A805-40BD-9620-5DCDE3500BD7}.Release|Any CPU.Build.0 = Release|Any CPU
		{1FC07A23-B766-49DB-B4D8-97533BD77D5A}.Debug|Any CPU.ActiveCfg = Debug|Any CPU
		{1FC07A23-B766-49DB-B4D8-97533BD77D5A}.Debug|Any CPU.Build.0 = Debug|Any CPU
		{1FC07A23-B766-49DB-B4D8-97533BD77D5A}.Release|Any CPU.ActiveCfg = Release|Any CPU
		{1FC07A23-B766-49DB-B4D8-97533BD77D5A}.Release|Any CPU.Build.0 = Release|Any CPU
		{A50E0186-1DB0-4ADD-8DB8-64617FA6489E}.Debug|Any CPU.ActiveCfg = Debug|Any CPU
		{A50E0186-1DB0-4ADD-8DB8-64617FA6489E}.Debug|Any CPU.Build.0 = Debug|Any CPU
		{A50E0186-1DB0-4ADD-8DB8-64617FA6489E}.Release|Any CPU.ActiveCfg = Release|Any CPU
		{A50E0186-1DB0-4ADD-8DB8-64617FA6489E}.Release|Any CPU.Build.0 = Release|Any CPU
		{F2B7F408-0CD0-4DA3-904D-59E1C993C1D2}.Debug|Any CPU.ActiveCfg = Debug|Any CPU
		{F2B7F408-0CD0-4DA3-904D-59E1C993C1D2}.Debug|Any CPU.Build.0 = Debug|Any CPU
		{F2B7F408-0CD0-4DA3-904D-59E1C993C1D2}.Release|Any CPU.ActiveCfg = Release|Any CPU
		{F2B7F408-0CD0-4DA3-904D-59E1C993C1D2}.Release|Any CPU.Build.0 = Release|Any CPU
	EndGlobalSection
EndGlobal
